# This file is autogenerated, do not edit; changes may be undone by the next 'dep ensure'.


[[projects]]
  digest = "1:b24d38b282bacf9791408a080f606370efa3d364e4b5fd9ba0f7b87786d3b679"
  name = "github.com/codegangsta/cli"
  packages = ["."]
  pruneopts = "UT"
  revision = "cfb38830724cc34fedffe9a2a29fb54fa9169cd1"
  version = "v1.20.0"

[[projects]]
  digest = "1:865079840386857c809b72ce300be7580cb50d3d3129ce11bf9aa6ca2bc1934a"
  name = "github.com/fatih/color"
  packages = ["."]
  pruneopts = "UT"
  revision = "5b77d2a35fb0ede96d138fc9a99f5c9b6aef11b4"
  version = "v1.7.0"

[[projects]]
  branch = "master"
  digest = "1:7a2694d2d79531b8f72e4104c603df28128d678caee88f633de5e4847507f042"
  name = "github.com/gilliek/go-xterm256"
  packages = ["xterm256"]
  pruneopts = "UT"
  revision = "ecaf23e6a675394b3318ba2161397f7527876e86"

[[projects]]
  branch = "master"
  digest = "1:6727359c2ab1efe714cc87acb36be6cf15a3aae078d8ae736a17fec787dab307"
  name = "github.com/hokaccha/go-prettyjson"
  packages = ["."]
  pruneopts = "UT"
  revision = "f579f869bbfea48a61fbea09207cadd1aaeceb83"

[[projects]]
  digest = "1:c658e84ad3916da105a761660dcaeb01e63416c8ec7bc62256a9b411a05fcd67"
  name = "github.com/mattn/go-colorable"
  packages = ["."]
  pruneopts = "UT"
  revision = "167de6bfdfba052fa6b2d3664c8f5272e23c9072"
  version = "v0.0.9"

[[projects]]
  digest = "1:0981502f9816113c9c8c4ac301583841855c8cf4da8c72f696b3ebedf6d0e4e5"
  name = "github.com/mattn/go-isatty"
  packages = ["."]
  pruneopts = "UT"
  revision = "6ca4dbf54d38eea1a992b3c722a76a5d1c4cb25c"
  version = "v0.0.4"

[[projects]]
  branch = "master"
  digest = "1:c2789211d4035eb0843b85958ecf7cb4a5ea91c2d4decee652c94ce898e433cb"
  name = "golang.org/x/sys"
  packages = ["unix"]
  pruneopts = "UT"
  revision = "4497e2df6f9e69048a54498c7affbbec3294ad47"

[solve-meta]
  analyzer-name = "dep"
  analyzer-version = 1
  input-imports = [
    "github.com/codegangsta/cli",
    "github.com/gilliek/go-xterm256/xterm256",
    "github.com/hokaccha/go-prettyjson",
  ]
  solver-name = "gps-cdcl"
  solver-version = 1
